
Microsoft Visual Studio Solution File, Format Version 12.00
# Visual Studio Version 16
VisualStudioVersion = 16.0.31112.23
MinimumVisualStudioVersion = 10.0.40219.1
Project("{9A19103F-16F7-4668-BE54-9A1E7A4F7556}") = "Day_01", "Day_01\Day_01.csproj", "{833A3B95-DD47-4DC9-99B2-1C4C87011355}"
EndProject
Project("{9A19103F-16F7-4668-BE54-9A1E7A4F7556}") = "Day_02", "Day_02\Day_02.csproj", "{E425E25C-ECE2-4D3F-942C-A2CC1D34A9F9}"
EndProject
Project("{9A19103F-16F7-4668-BE54-9A1E7A4F7556}") = "Day_03", "Day_03\Day_03.csproj", "{EC6078AC-A253-4902-87F9-FC78CB5733E3}"
EndProject
Project("{9A19103F-16F7-4668-BE54-9A1E7A4F7556}") = "Day_03_Test", "Day_03_Test\Day_03_Test.csproj", "{4884F40F-BE28-444B-B37C-00BEC471656F}"
EndProject
Project("{9A19103F-16F7-4668-BE54-9A1E7A4F7556}") = "Day_04", "Day_04\Day_04.csproj", "{4BA8D471-9562-47FC-B89B-E426C82B8128}"
EndProject
Project("{9A19103F-16F7-4668-BE54-9A1E7A4F7556}") = "Day_04_Test", "Day_04_Test\Day_04_Test.csproj", "{500DFB81-8171-4CC2-80C6-B724B13F0853}"
EndProject
Project("{9A19103F-16F7-4668-BE54-9A1E7A4F7556}") = "Day_05", "Day_05\Day_05.csproj", "{689864C8-3F76-4FD3-B5C0-AD06FCBEE848}"
EndProject
Project("{9A19103F-16F7-4668-BE54-9A1E7A4F7556}") = "Day_05_2048", "Day_05_2048\Day_05_2048.csproj", "{820D3AD3-AB73-4BD0-894B-0032723BD295}"
EndProject
Project("{9A19103F-16F7-4668-BE54-9A1E7A4F7556}") = "Day_06", "Day_06\Day_06.csproj", "{A988AA75-3D5B-4302-8202-98BD15E7AD00}"
EndProject
Project("{9A19103F-16F7-4668-BE54-9A1E7A4F7556}") = "Day_06_Test_", "Day_06_Test\Day_06_Test_.csproj", "{021D51E7-FDBE-4279-84A4-7DCD6AE476D2}"
EndProject
Project("{9A19103F-16F7-4668-BE54-9A1E7A4F7556}") = "Day_07", "Day_07\Day_07.csproj", "{96A7527D-6485-481A-A609-675B3C87906C}"
EndProject
Project("{9A19103F-16F7-4668-BE54-9A1E7A4F7556}") = "Day_08", "Day_08\Day_08.csproj", "{303CDC9A-8487-42ED-9DE4-ED9548794B95}"
EndProject
Project("{FAE04EC0-301F-11D3-BF4B-00C04F79EFBC}") = "Console2048", "Console2048\Console2048.csproj", "{98DEF20F-EBF7-4F69-A820-E1CA68B817D9}"
EndProject
Global
	GlobalSection(SolutionConfigurationPlatforms) = preSolution
		Debug|Any CPU = Debug|Any CPU
		Release|Any CPU = Release|Any CPU
	EndGlobalSection
	GlobalSection(ProjectConfigurationPlatforms) = postSolution
		{833A3B95-DD47-4DC9-99B2-1C4C87011355}.Debug|Any CPU.ActiveCfg = Debug|Any CPU
		{833A3B95-DD47-4DC9-99B2-1C4C87011355}.Debug|Any CPU.Build.0 = Debug|Any CPU
		{833A3B95-DD47-4DC9-99B2-1C4C87011355}.Release|Any CPU.ActiveCfg = Release|Any CPU
		{833A3B95-DD47-4DC9-99B2-1C4C87011355}.Release|Any CPU.Build.0 = Release|Any CPU
		{E425E25C-ECE2-4D3F-942C-A2CC1D34A9F9}.Debug|Any CPU.ActiveCfg = Debug|Any CPU
		{E425E25C-ECE2-4D3F-942C-A2CC1D34A9F9}.Debug|Any CPU.Build.0 = Debug|Any CPU
		{E425E25C-ECE2-4D3F-942C-A2CC1D34A9F9}.Release|Any CPU.ActiveCfg = Release|Any CPU
		{E425E25C-ECE2-4D3F-942C-A2CC1D34A9F9}.Release|Any CPU.Build.0 = Release|Any CPU
		{EC6078AC-A253-4902-87F9-FC78CB5733E3}.Debug|Any CPU.ActiveCfg = Debug|Any CPU
		{EC6078AC-A253-4902-87F9-FC78CB5733E3}.Debug|Any CPU.Build.0 = Debug|Any CPU
		{EC6078AC-A253-4902-87F9-FC78CB5733E3}.Release|Any CPU.ActiveCfg = Release|Any CPU
		{EC6078AC-A253-4902-87F9-FC78CB5733E3}.Release|Any CPU.Build.0 = Release|Any CPU
		{4884F40F-BE28-444B-B37C-00BEC471656F}.Debug|Any CPU.ActiveCfg = Debug|Any CPU
		{4884F40F-BE28-444B-B37C-00BEC471656F}.Debug|Any CPU.Build.0 = Debug|Any CPU
		{4884F40F-BE28-444B-B37C-00BEC471656F}.Release|Any CPU.ActiveCfg = Release|Any CPU
		{4884F40F-BE28-444B-B37C-00BEC471656F}.Release|Any CPU.Build.0 = Release|Any CPU
		{4BA8D471-9562-47FC-B89B-E426C82B8128}.Debug|Any CPU.ActiveCfg = Debug|Any CPU
		{4BA8D471-9562-47FC-B89B-E426C82B8128}.Debug|Any CPU.Build.0 = Debug|Any CPU
		{4BA8D471-9562-47FC-B89B-E426C82B8128}.Release|Any CPU.ActiveCfg = Release|Any CPU
		{4BA8D471-9562-47FC-B89B-E426C82B8128}.Release|Any CPU.Build.0 = Release|Any CPU
		{500DFB81-8171-4CC2-80C6-B724B13F0853}.Debug|Any CPU.ActiveCfg = Debug|Any CPU
		{500DFB81-8171-4CC2-80C6-B724B13F0853}.Debug|Any CPU.Build.0 = Debug|Any CPU
		{500DFB81-8171-4CC2-80C6-B724B13F0853}.Release|Any CPU.ActiveCfg = Release|Any CPU
		{500DFB81-8171-4CC2-80C6-B724B13F0853}.Release|Any CPU.Build.0 = Release|Any CPU
		{689864C8-3F76-4FD3-B5C0-AD06FCBEE848}.Debug|Any CPU.ActiveCfg = Debug|Any CPU
		{689864C8-3F76-4FD3-B5C0-AD06FCBEE848}.Debug|Any CPU.Build.0 = Debug|Any CPU
		{689864C8-3F76-4FD3-B5C0-AD06FCBEE848}.Release|Any CPU.ActiveCfg = Release|Any CPU
		{689864C8-3F76-4FD3-B5C0-AD06FCBEE848}.Release|Any CPU.Build.0 = Release|Any CPU
		{820D3AD3-AB73-4BD0-894B-0032723BD295}.Debug|Any CPU.ActiveCfg = Debug|Any CPU
		{820D3AD3-AB73-4BD0-894B-0032723BD295}.Debug|Any CPU.Build.0 = Debug|Any CPU
		{820D3AD3-AB73-4BD0-894B-0032723BD295}.Release|Any CPU.ActiveCfg = Release|Any CPU
		{820D3AD3-AB73-4BD0-894B-0032723BD295}.Release|Any CPU.Build.0 = Release|Any CPU
		{A988AA75-3D5B-4302-8202-98BD15E7AD00}.Debug|Any CPU.ActiveCfg = Debug|Any CPU
		{A988AA75-3D5B-4302-8202-98BD15E7AD00}.Debug|Any CPU.Build.0 = Debug|Any CPU
		{A988AA75-3D5B-4302-8202-98BD15E7AD00}.Release|Any CPU.ActiveCfg = Release|Any CPU
		{A988AA75-3D5B-4302-8202-98BD15E7AD00}.Release|Any CPU.Build.0 = Release|Any CPU
		{021D51E7-FDBE-4279-84A4-7DCD6AE476D2}.Debug|Any CPU.ActiveCfg = Debug|Any CPU
		{021D51E7-FDBE-4279-84A4-7DCD6AE476D2}.Debug|Any CPU.Build.0 = Debug|Any CPU
		{021D51E7-FDBE-4279-84A4-7DCD6AE476D2}.Release|Any CPU.ActiveCfg = Release|Any CPU
		{021D51E7-FDBE-4279-84A4-7DCD6AE476D2}.Release|Any CPU.Build.0 = Release|Any CPU
		{96A7527D-6485-481A-A609-675B3C87906C}.Debug|Any CPU.ActiveCfg = Debug|Any CPU
		{96A7527D-6485-481A-A609-675B3C87906C}.Debug|Any CPU.Build.0 = Debug|Any CPU
		{96A7527D-6485-481A-A609-675B3C87906C}.Release|Any CPU.ActiveCfg = Release|Any CPU
		{96A7527D-6485-481A-A609-675B3C87906C}.Release|Any CPU.Build.0 = Release|Any CPU
		{303CDC9A-8487-42ED-9DE4-ED9548794B95}.Debug|Any CPU.ActiveCfg = Debug|Any CPU
		{303CDC9A-8487-42ED-9DE4-ED9548794B95}.Debug|Any CPU.Build.0 = Debug|Any CPU
		{303CDC9A-8487-42ED-9DE4-ED9548794B95}.Release|Any CPU.ActiveCfg = Release|Any CPU
		{303CDC9A-8487-42ED-9DE4-ED9548794B95}.Release|Any CPU.Build.0 = Release|Any CPU
		{98DEF20F-EBF7-4F69-A820-E1CA68B817D9}.Debug|Any CPU.ActiveCfg = Debug|Any CPU
		{98DEF20F-EBF7-4F69-A820-E1CA68B817D9}.Debug|Any CPU.Build.0 = Debug|Any CPU
		{98DEF20F-EBF7-4F69-A820-E1CA68B817D9}.Release|Any CPU.ActiveCfg = Release|Any CPU
		{98DEF20F-EBF7-4F69-A820-E1CA68B817D9}.Release|Any CPU.Build.0 = Release|Any CPU
	EndGlobalSection
	GlobalSection(SolutionProperties) = preSolution
		HideSolutionNode = FALSE
	EndGlobalSection
	GlobalSection(ExtensibilityGlobals) = postSolution
		SolutionGuid = {0A74EC7E-C9C3-4E1A-9297-E30F1294CCE9}
	EndGlobalSection
EndGlobal
